
Microsoft Visual Studio Solution File, Format Version 12.00
# Visual Studio Version 17
VisualStudioVersion = 17.0.31903.59
MinimumVisualStudioVersion = 10.0.40219.1
Project("{2150E333-8FDC-42A3-9474-1A3956D46DE8}") = "src", "src", "{67F71D49-87FC-4D12-8801-1DC1275B2533}"
EndProject
Project("{FAE04EC0-301F-11D3-BF4B-00C04F79EFBC}") = "Ventoy2DiskDotNet", "src\Ventoy2DiskDotNet\Ventoy2DiskDotNet.csproj", "{25545504-0D8C-4EC9-9E3D-AC07EE12666A}"
EndProject
Global
	GlobalSection(SolutionConfigurationPlatforms) = preSolution
		Debug|Any CPU = Debug|Any CPU
		Release|Any CPU = Release|Any CPU
	EndGlobalSection
	GlobalSection(SolutionProperties) = preSolution
		HideSolutionNode = FALSE
	EndGlobalSection
	GlobalSection(ProjectConfigurationPlatforms) = postSolution
		{25545504-0D8C-4EC9-9E3D-AC07EE12666A}.Debug|Any CPU.ActiveCfg = Debug|Any CPU
		{25545504-0D8C-4EC9-9E3D-AC07EE12666A}.Debug|Any CPU.Build.0 = Debug|Any CPU
		{25545504-0D8C-4EC9-9E3D-AC07EE12666A}.Release|Any CPU.ActiveCfg = Release|Any CPU
		{25545504-0D8C-4EC9-9E3D-AC07EE12666A}.Release|Any CPU.Build.0 = Release|Any CPU
	EndGlobalSection
	GlobalSection(NestedProjects) = preSolution
		{25545504-0D8C-4EC9-9E3D-AC07EE12666A} = {67F71D49-87FC-4D12-8801-1DC1275B2533}
	EndGlobalSection
EndGlobal
