
Microsoft Visual Studio Solution File, Format Version 12.00
# Visual Studio Version 17
VisualStudioVersion = 17.0.31903.59
MinimumVisualStudioVersion = 10.0.40219.1
Project("{2150E333-8FDC-42A3-9474-1A3956D46DE8}") = "src", "src", "{6E727552-9237-4E3C-BC2B-2CD4ADA1493E}"
EndProject
Project("{FAE04EC0-301F-11D3-BF4B-00C04F79EFBC}") = "Ventoy2DiskDotNet", "src\Ventoy2DiskDotNet\Ventoy2DiskDotNet.csproj", "{DD041D58-BD8E-4861-9869-372FA918B87B}"
EndProject
Project("{FAE04EC0-301F-11D3-BF4B-00C04F79EFBC}") = "VentoyVlnk", "src\VentoyVlnk\VentoyVlnk.csproj", "{47F0857D-AA5C-4BB2-AA1D-EA632F3537AE}"
EndProject
Project("{FAE04EC0-301F-11D3-BF4B-00C04F79EFBC}") = "Ventoy2DiskAvalonia", "src\Ventoy2DiskAvalonia\Ventoy2DiskAvalonia.csproj", "{DD8C4216-3747-49D0-BCAF-3B7EDC0C8A7B}"
EndProject
Project("{FAE04EC0-301F-11D3-BF4B-00C04F79EFBC}") = "Ventoy2Disk.NET", "src\Ventoy2Disk.NET\Ventoy2Disk.NET.csproj", "{B8F6F7A9-8DB7-474D-92E5-BE321B3B1AF3}"
EndProject
Global
	GlobalSection(SolutionConfigurationPlatforms) = preSolution
		Debug|Any CPU = Debug|Any CPU
		Release|Any CPU = Release|Any CPU
	EndGlobalSection
	GlobalSection(SolutionProperties) = preSolution
		HideSolutionNode = FALSE
	EndGlobalSection
	GlobalSection(ProjectConfigurationPlatforms) = postSolution
		{DD041D58-BD8E-4861-9869-372FA918B87B}.Debug|Any CPU.ActiveCfg = Debug|Any CPU
		{DD041D58-BD8E-4861-9869-372FA918B87B}.Debug|Any CPU.Build.0 = Debug|Any CPU
		{DD041D58-BD8E-4861-9869-372FA918B87B}.Release|Any CPU.ActiveCfg = Release|Any CPU
		{DD041D58-BD8E-4861-9869-372FA918B87B}.Release|Any CPU.Build.0 = Release|Any CPU
		{47F0857D-AA5C-4BB2-AA1D-EA632F3537AE}.Debug|Any CPU.ActiveCfg = Debug|Any CPU
		{47F0857D-AA5C-4BB2-AA1D-EA632F3537AE}.Debug|Any CPU.Build.0 = Debug|Any CPU
		{47F0857D-AA5C-4BB2-AA1D-EA632F3537AE}.Release|Any CPU.ActiveCfg = Release|Any CPU
		{47F0857D-AA5C-4BB2-AA1D-EA632F3537AE}.Release|Any CPU.Build.0 = Release|Any CPU
		{DD8C4216-3747-49D0-BCAF-3B7EDC0C8A7B}.Debug|Any CPU.ActiveCfg = Debug|Any CPU
		{DD8C4216-3747-49D0-BCAF-3B7EDC0C8A7B}.Debug|Any CPU.Build.0 = Debug|Any CPU
		{DD8C4216-3747-49D0-BCAF-3B7EDC0C8A7B}.Release|Any CPU.ActiveCfg = Release|Any CPU
		{DD8C4216-3747-49D0-BCAF-3B7EDC0C8A7B}.Release|Any CPU.Build.0 = Release|Any CPU
		{B8F6F7A9-8DB7-474D-92E5-BE321B3B1AF3}.Debug|Any CPU.ActiveCfg = Debug|Any CPU
		{B8F6F7A9-8DB7-474D-92E5-BE321B3B1AF3}.Debug|Any CPU.Build.0 = Debug|Any CPU
		{B8F6F7A9-8DB7-474D-92E5-BE321B3B1AF3}.Release|Any CPU.ActiveCfg = Release|Any CPU
		{B8F6F7A9-8DB7-474D-92E5-BE321B3B1AF3}.Release|Any CPU.Build.0 = Release|Any CPU
	EndGlobalSection
	GlobalSection(NestedProjects) = preSolution
		{DD041D58-BD8E-4861-9869-372FA918B87B} = {6E727552-9237-4E3C-BC2B-2CD4ADA1493E}
		{47F0857D-AA5C-4BB2-AA1D-EA632F3537AE} = {6E727552-9237-4E3C-BC2B-2CD4ADA1493E}
		{DD8C4216-3747-49D0-BCAF-3B7EDC0C8A7B} = {6E727552-9237-4E3C-BC2B-2CD4ADA1493E}
		{B8F6F7A9-8DB7-474D-92E5-BE321B3B1AF3} = {6E727552-9237-4E3C-BC2B-2CD4ADA1493E}
	EndGlobalSection
EndGlobal
